<?xml version="1.0" encoding="utf-8"?>
<Project ToolsVersion="4.0" xmlns="http://schemas.microsoft.com/developer/msbuild/2003">
  <ItemGroup>
    <Filter Include="ソース ファイル">
      <UniqueIdentifier>{4FC737F1-C7A5-4376-A066-2A32D752A2FF}</UniqueIdentifier>
      <Extensions>cpp;c;cc;cxx;c++;cppm;ixx;def;odl;idl;hpj;bat;asm;asmx</Extensions>
    </Filter>
    <Filter Include="ヘッダー ファイル">
      <UniqueIdentifier>{93995380-89BD-4b04-88EB-625FBE52EBFB}</UniqueIdentifier>
      <Extensions>h;hh;hpp;hxx;h++;hm;inl;inc;ipp;xsd</Extensions>
    </Filter>
    <Filter Include="リソース ファイル">
      <UniqueIdentifier>{67DA6AB6-F800-4c08-8B7A-83BB121AAD01}</UniqueIdentifier>
      <Extensions>rc;ico;cur;bmp;dlg;rc2;rct;bin;rgs;gif;jpg;jpeg;jpe;resx;tiff;tif;png;wav;mfcribbon-ms</Extensions>
    </Filter>
    <Filter Include="ソース ファイル\Engine">
      <UniqueIdentifier>{0e345a8a-8c2d-4a8b-81cd-c087c64abe1a}</UniqueIdentifier>
    </Filter>
    <Filter Include="ヘッダー ファイル\Engine">
      <UniqueIdentifier>{6228f6be-3b1d-4f19-a218-361188f72099}</UniqueIdentifier>
    </Filter>
    <Filter Include="ソース ファイル\Game">
      <UniqueIdentifier>{c4455243-c091-49ba-9348-82ceec925406}</UniqueIdentifier>
    </Filter>
    <Filter Include="ヘッダー ファイル\Game">
      <UniqueIdentifier>{410e2b8f-163c-49f8-bdb6-8328e7b551da}</UniqueIdentifier>
    </Filter>
    <Filter Include="ソース ファイル\Game\Enemy">
      <UniqueIdentifier>{24f5ae02-f4e4-4389-b235-35b2050a1c0b}</UniqueIdentifier>
    </Filter>
    <Filter Include="ソース ファイル\Game\Scene">
      <UniqueIdentifier>{0da5f3b9-9041-4303-9fec-c492a5bbf62e}</UniqueIdentifier>
    </Filter>
    <Filter Include="ヘッダー ファイル\Game\Enemy">
      <UniqueIdentifier>{ad9e0613-3713-4642-b5c0-b5a191b13b4b}</UniqueIdentifier>
    </Filter>
    <Filter Include="ヘッダー ファイル\Game\Scene">
      <UniqueIdentifier>{c93d793e-d22a-4b00-99f6-6343f9ed91b8}</UniqueIdentifier>
    </Filter>
  </ItemGroup>
  <ItemGroup>
    <ClCompile Include="src\Main.cpp">
      <Filter>ソース ファイル</Filter>
    </ClCompile>
    <ClCompile Include="Src\Engine\Window.cpp">
      <Filter>ソース ファイル\Engine</Filter>
    </ClCompile>
    <ClCompile Include="Src\Engine\Graphic.cpp">
      <Filter>ソース ファイル\Engine</Filter>
    </ClCompile>
    <ClCompile Include="Src\Game\Game.cpp">
      <Filter>ソース ファイル\Game</Filter>
    </ClCompile>
    <ClCompile Include="Src\Game\Enemy\Enemy.cpp">
      <Filter>ソース ファイル\Game\Enemy</Filter>
    </ClCompile>
    <ClCompile Include="Src\Game\Enemy\EnemiesManager.cpp">
      <Filter>ソース ファイル\Game\Enemy</Filter>
    </ClCompile>
    <ClCompile Include="Src\Game\Scene\TitleScene.cpp">
      <Filter>ソース ファイル\Game\Scene</Filter>
    </ClCompile>
    <ClCompile Include="Src\Game\Scene\GameScene.cpp">
      <Filter>ソース ファイル\Game\Scene</Filter>
    </ClCompile>
    <ClCompile Include="Src\Game\Scene\ResultScene.cpp">
      <Filter>ソース ファイル\Game\Scene</Filter>
    </ClCompile>
  </ItemGroup>
  <ItemGroup>
    <ClInclude Include="Src\Engine\Window.h">
      <Filter>ヘッダー ファイル\Engine</Filter>
    </ClInclude>
    <ClInclude Include="Src\Engine\Graphic.h">
      <Filter>ヘッダー ファイル\Engine</Filter>
    </ClInclude>
    <ClInclude Include="Src\Game\Game.h">
      <Filter>ヘッダー ファイル\Game</Filter>
    </ClInclude>
    <ClInclude Include="Src\Game\Enemy\Enemy.h">
      <Filter>ヘッダー ファイル\Game\Enemy</Filter>
    </ClInclude>
    <ClInclude Include="Src\Game\Enemy\EnemiesManager.h">
      <Filter>ヘッダー ファイル\Game\Enemy</Filter>
    </ClInclude>
    <ClInclude Include="Src\Game\Scene\TitleScene.h">
      <Filter>ヘッダー ファイル\Game\Scene</Filter>
    </ClInclude>
    <ClInclude Include="Src\Game\Scene\GameScene.h">
      <Filter>ヘッダー ファイル\Game\Scene</Filter>
    </ClInclude>
    <ClInclude Include="Src\Game\Scene\ResultScene.h">
      <Filter>ヘッダー ファイル\Game\Scene</Filter>
    </ClInclude>
    <ClInclude Include="Src\Game\Scene\SceneBase.h">
      <Filter>ヘッダー ファイル\Game\Scene</Filter>
    </ClInclude>
  </ItemGroup>
  <ItemGroup>
    <FxCompile Include="Assets\Shader\PixelShader.hlsl">
      <Filter>リソース ファイル</Filter>
    </FxCompile>
    <FxCompile Include="Assets\Shader\VertexShader.hlsl">
      <Filter>リソース ファイル</Filter>
    </FxCompile>
  </ItemGroup>
</Project>